lockfileVersion: '9.0'

settings:
  autoInstallPeers: true
  excludeLinksFromLockfile: false

overrides:
  esbuild: '>=0.28.1'

importers:

  .:
    devDependencies:
      '@types/chai':
        specifier: ^4.3.6
        version: 4.3.20
      '@types/mocha':
        specifier: ^10.0.2
        version: 10.0.10
      '@types/node':
        specifier: ^20.8.0
        version: 20.19.43
      chai:
        specifier: ^4.3.10
        version: 4.5.0
      mocha:
        specifier: ^10.2.0
        version: 10.8.2
      ts-node:
        specifier: ^10.9.1
        version: 10.9.2(@types/node@20.19.43)(typescript@5.9.3)
      tsdown:
        specifier: ^0.22.14
        version: 0.22.14(typescript@5.9.3)
      typescript:
        specifier: ^5.2.2
        version: 5.9.3

packages:

  '@cspotcode/source-map-support@0.8.1':
    resolution: {integrity: sha512-IchNf6dN4tHoMFIn/7OE8LWZ19Y6q/67Bmf6vnGREv8RSbBVb9LPJxEcnwrcwX6ixSvaiGoomAUvu4YSxXrVgw==}
    engines: {node: '>=12'}

  '@jridgewell/resolve-uri@3.1.2':
    resolution: {integrity: sha512-bRISgCIjP20/tbWSPWMEi54QVPRZExkuD9lJL+UIxUKtwVJA8wW1Trb1jMs1RFXo1CBTNZ/5hpC9QvmKWdopKw==}
    engines: {node: '>=6.0.0'}

  '@jridgewell/sourcemap-codec@1.5.5':
    resolution: {integrity: sha512-cYQ9310grqxueWbl+WuIUIaiUaDcj7WOq5fVhEljNVgRfOUhY9fy2zTvfoqWsnebh8Sl70VScFbICvJnLKB0Og==}

  '@jridgewell/trace-mapping@0.3.9':
    resolution: {integrity: sha512-3Belt6tdc8bPgAtbcmdtNJlirVoTmEb5e2gC94PnkwEW9jI6CAHUeoG85tjWP5WquqfavoMtMwiG4P926ZKKuQ==}

  '@oxc-project/types@0.144.0':
    resolution: {integrity: sha512-nuhZIOLuI6TFQ32I/WnUx+SCPY7SdSKwgnFHydAuoS1+Z4BRcaP+RRJmGzl9lw+0OFF7UmaESf7KQRXaNLHypg==}

  '@quansync/fs@1.0.0':
    resolution: {integrity: sha512-4TJ3DFtlf1L5LDMaM6CanJ/0lckGNtJcMjQ1NAV6zDmA0tEHKZtxNKin8EgPaVX1YzljbxckyT2tJrpQKAtngQ==}

  '@rolldown/binding-android-arm64@1.2.4':
    resolution: {integrity: sha512-jHC2cnyKz5xU2fhECtFl8OZ83cYNt13GZQD+0uMJ/X3o+ijmd56okHhTUwxVSHPx1IRVIJEZ1/1pPzeLCU6XKA==}
    engines: {node: ^20.19.0 || >=22.12.0}
    cpu: [arm64]
    os: [android]

  '@rolldown/binding-darwin-arm64@1.2.4':
    resolution: {integrity: sha512-Dc5mPD8F5F/FS8i01syd7FTF6yB2fVthH/TRkjwJkzUK6EpoxHtqvZQP5Zwq80/5z19TWYHIg1KOHboCgVx/aQ==}
    engines: {node: ^20.19.0 || >=22.12.0}
    cpu: [arm64]
    os: [darwin]

  '@rolldown/binding-darwin-x64@1.2.4':
    resolution: {integrity: sha512-fpDm4oBo6SqLvWUYCmFhdde3U9KH2fRNNMeAnAPAIwxRL345xutL0EtEUcuoxsoazdJGv/MuDBQHlCDrtbvqOg==}
    engines: {node: ^20.19.0 || >=22.12.0}
    cpu: [x64]
    os: [darwin]

  '@rolldown/binding-freebsd-x64@1.2.4':
    resolution: {integrity: sha512-rSJoreDE/HoIzoaib6MTp5jQtCTdMHKIvItAKT/ImS6Y6Ww76oUaeMyp4Vc/fAgd/ehji068IxetHXAnqUwN9A==}
    engines: {node: ^20.19.0 || >=22.12.0}
    cpu: [x64]
    os: [freebsd]

  '@rolldown/binding-linux-arm-gnueabihf@1.2.4':
    resolution: {integrity: sha512-/jm8OGHgn7oGaJu3i/qZI9spUGcJ+y/lk43ttQ/iO1tOd9NissG6o97bighBCiL+BKRngmcDuR6ikfwYdJmVuQ==}
    engines: {node: ^20.19.0 || >=22.12.0}
    cpu: [arm]
    os: [linux]

  '@rolldown/binding-linux-arm64-gnu@1.2.4':
    resolution: {integrity: sha512-tIP06BeD9EqvECBrPZ+sqdPlYrT+aYaAiu1wYziVx5elRK/ftm33JxVDy2bXGbr6J0CrtirCkR87/X5a2euEng==}
    engines: {node: ^20.19.0 || >=22.12.0}
    cpu: [arm64]
    os: [linux]
    libc: [glibc]

  '@rolldown/binding-linux-arm64-musl@1.2.4':
    resolution: {integrity: sha512-Ql1Q0EQqVThvn9VAVlwNzsUvbSFtCMGjLpRRi4pk5i7NZZ4n5ISiLMjHYtus4VQ2PvkSw24zyaCVsiS+sXPj1w==}
    engines: {node: ^20.19.0 || >=22.12.0}
    cpu: [arm64]
    os: [linux]
    libc: [musl]

  '@rolldown/binding-linux-ppc64-gnu@1.2.4':
    resolution: {integrity: sha512-GjbjXD4XXfN19D0LZNbmiCBUoDiRACsYHr0yaIbbn8aFsXjHZifcYqu/W5Er5X2X990WjHXFrxarn5chzItorQ==}
    engines: {node: ^20.19.0 || >=22.12.0}
    cpu: [ppc64]
    os: [linux]
    libc: [glibc]

  '@rolldown/binding-linux-s390x-gnu@1.2.4':
    resolution: {integrity: sha512-p5WR0NOwaRmJ/B1b6IjEFLLivwEsf3PrdBIhRbhTCQisbo2SvHHpG4ELB/+FgQNnB88LTOF86upmJmbvZdQ2lw==}
    engines: {node: ^20.19.0 || >=22.12.0}
    cpu: [s390x]
    os: [linux]
    libc: [glibc]

  '@rolldown/binding-linux-x64-gnu@1.2.4':
    resolution: {integrity: sha512-4/GyVjmhR+Tc6HLJvwc1sOhPqAZtySiSMesOZyX6JQ5XBxoTDEMKQzvo07NIK6nTon/SivlZqvhzvuVBNQhObQ==}
    engines: {node: ^20.19.0 || >=22.12.0}
    cpu: [x64]
    os: [linux]
    libc: [glibc]

  '@rolldown/binding-linux-x64-musl@1.2.4':
    resolution: {integrity: sha512-l9eeLsCNvPpmSXUej0etw/J1eqV0Jj1D5G/xG6YTijmE6dkv6E2QezgWbTfQk63v952DPqrjOCoiqxq7Bw0YUQ==}
    engines: {node: ^20.19.0 || >=22.12.0}
    cpu: [x64]
    os: [linux]
    libc: [musl]

  '@rolldown/binding-openharmony-arm64@1.2.4':
    resolution: {integrity: sha512-e0F355MSTMm3+UOqtV3L24gFUp2N5m1f8L/7d56deik6va+AXdrt9F8LbzGpeWGWRbZEDq4m8NVnJDeBtf9DZg==}
    engines: {node: ^20.19.0 || >=22.12.0}
    cpu: [arm64]
    os: [openharmony]

  '@rolldown/binding-win32-arm64-msvc@1.2.4':
    resolution: {integrity: sha512-AWLi0uBRYh6QlE7OKhiz+phZC0qwtij2QZmhmOdsLdFn64m7oMpooE9ICE3lhm9xMb4SpDo2WbHcxX1iFLFtqw==}
    engines: {node: ^20.19.0 || >=22.12.0}
    cpu: [arm64]
    os: [win32]

  '@rolldown/binding-win32-x64-msvc@1.2.4':
    resolution: {integrity: sha512-UwSDJOg3dqCAejWdxclJjCsh3Qq4vLYMDxmyHqo1btz3stK2VqgwNd3mm5tuIwzSlGIQ/1H9Hr+Zn09mrezNqQ==}
    engines: {node: ^20.19.0 || >=22.12.0}
    cpu: [x64]
    os: [win32]

  '@rolldown/pluginutils@1.0.1':
    resolution: {integrity: sha512-2j9bGt5Jh8hj+vPtgzPtl72j0yRxHAyumoo6TNfAjsLB04UtpSvPbPcDcBMxz7n+9CYB0c1GxQFxYRg2jimqGw==}

  '@tsconfig/node10@1.0.12':
    resolution: {integrity: sha512-UCYBaeFvM11aU2y3YPZ//O5Rhj+xKyzy7mvcIoAjASbigy8mHMryP5cK7dgjlz2hWxh1g5pLw084E0a/wlUSFQ==}

  '@tsconfig/node12@1.0.11':
    resolution: {integrity: sha512-cqefuRsh12pWyGsIoBKJA9luFu3mRxCA+ORZvA4ktLSzIuCUtWVxGIuXigEwO5/ywWFMZ2QEGKWvkZG1zDMTag==}

  '@tsconfig/node14@1.0.3':
    resolution: {integrity: sha512-ysT8mhdixWK6Hw3i1V2AeRqZ5WfXg1G43mqoYlM2nc6388Fq5jcXyr5mRsqViLx/GJYdoL0bfXD8nmF+Zn/Iow==}

  '@tsconfig/node16@1.0.4':
    resolution: {integrity: sha512-vxhUy4J8lyeyinH7Azl1pdd43GJhZH/tP2weN8TntQblOY+A0XbT8DJk1/oCPuOOyg/Ja757rG0CgHcWC8OfMA==}

  '@types/chai@4.3.20':
    resolution: {integrity: sha512-/pC9HAB5I/xMlc5FP77qjCnI16ChlJfW0tGa0IUcFn38VJrTV6DeZ60NU5KZBtaOZqjdpwTWohz5HU1RrhiYxQ==}

  '@types/mocha@10.0.10':
    resolution: {integrity: sha512-xPyYSz1cMPnJQhl0CLMH68j3gprKZaTjG3s5Vi+fDgx+uhG9NOXwbVt52eFS8ECyXhyKcjDLCBEqBExKuiZb7Q==}

  '@types/node@20.19.43':
    resolution: {integrity: sha512-6oYBAi5ikg4Pl+kGsoYtawUMBT2zZMCvPNF7pVLnHZfd1zf38DRiWn/gT01RYCdUqkv7Fhr+C9ot4/tb+2sVvA==}

  '@yuku-codegen/binding-android-arm64@0.8.5':
    resolution: {integrity: sha512-+oEBxK35kdbskhxozjZhI8N6qrMOfphpIkXnqBj6N2DC08rdkg10MUMRNKZLBNU6uNyoYiLcLyCE6aFV2sfMKw==}
    cpu: [arm64]
    os: [android]

  '@yuku-codegen/binding-darwin-arm64@0.8.5':
    resolution: {integrity: sha512-+U2LBCJbQH24dFLAM0kmij/fOVHHWqWTMuaCavRKDE9rBz/a46tNsuYN87p+nFt5V4MECM7t5RSLCNkYzBmE+Q==}
    cpu: [arm64]
    os: [darwin]

  '@yuku-codegen/binding-darwin-x64@0.8.5':
    resolution: {integrity: sha512-STctF8lSW+XhRvPupHktesqV0pk61SEZOwZTuDTZD/nPZsBsOPnD+X1hODioeoXMHn7bTkQKefOn4y6NyBOnoQ==}
    cpu: [x64]
    os: [darwin]

  '@yuku-codegen/binding-freebsd-x64@0.8.5':
    resolution: {integrity: sha512-cQRu/g1LjMnso08GhiFQHrzLdczNiJ1IikpStJRC1RnKHGdZRGAWrfuJx1/j0Nwow0z9PrBf/rb3x85MRGSAQQ==}
    cpu: [x64]
    os: [freebsd]

  '@yuku-codegen/binding-linux-arm-gnu@0.8.5':
    resolution: {integrity: sha512-069wu3iLZzw0vMC3p4SECvA0MVyglOw5jTeKL99yfC1k89qA6PvKJDn3Ty6Z/2D9Ci0lAIjRDdicNqVpNCFyfg==}
    cpu: [arm]
    os: [linux]
    libc: [glibc]

  '@yuku-codegen/binding-linux-arm-musl@0.8.5':
    resolution: {integrity: sha512-g7GhzWR1EmK4BLZfVXJGzhpzNqgF8WhblU/oFZBvR+d747TmBslShqzdJAmaS1gJ1ydmQfyO94Zyias8pLUe5Q==}
    cpu: [arm]
    os: [linux]
    libc: [musl]

  '@yuku-codegen/binding-linux-arm64-gnu@0.8.5':
    resolution: {integrity: sha512-moIvcAsAmgehTqvj3aBo97mAzx+4VGZudXsWvZTRfFs4qgg+iSdzrV8wMWURHslQkFDXKvt1DzMxGNZZxjz5yQ==}
    cpu: [arm64]
    os: [linux]
    libc: [glibc]

  '@yuku-codegen/binding-linux-arm64-musl@0.8.5':
    resolution: {integrity: sha512-w6sQZ5nlSYFPsz9FQ2a9oWxY/1cLi7C73qydLCqxYnB0EuDsrwZrKHw2FF/DXJr6qH7x2x+SmSFoVtaadLkhhg==}
    cpu: [arm64]
    os: [linux]
    libc: [musl]

  '@yuku-codegen/binding-linux-x64-gnu@0.8.5':
    resolution: {integrity: sha512-R3bbB3RYuNu/aQcgCrwNRhKo/5zTLNyx+rklCzTrpESAbnZAwAU8cZqAe0CSXFDGQAPooWZDnmIGsq/L5aDUBQ==}
    cpu: [x64]
    os: [linux]
    libc: [glibc]

  '@yuku-codegen/binding-linux-x64-musl@0.8.5':
    resolution: {integrity: sha512-E3tDaVRj9azS0GTzF2VpwkLLH1iqoadp2U1C2KDbUAtt1F4q5BBYzUv9/yI/4lmYzkrUSBG4e343tUwevm8u1w==}
    cpu: [x64]
    os: [linux]
    libc: [musl]

  '@yuku-codegen/binding-win32-arm64@0.8.5':
    resolution: {integrity: sha512-zqy0Gu6StX8vN+J7i7J6HUjy6p+B+w7a3lLETlbmJLgphQTq3lKEt5zPAsNs/I5TU54xa3GaLobMM7EUqJvxZA==}
    cpu: [arm64]
    os: [win32]

  '@yuku-codegen/binding-win32-x64@0.8.5':
    resolution: {integrity: sha512-2ASUq/tP4sFD6xlB7Nuz/v3ofhPlt122r6RNFjPAnQdxZUqerOCX4rTJkyYqYcnyiSVazyuSVWKOiJItyJGX1w==}
    cpu: [x64]
    os: [win32]

  '@yuku-parser/binding-android-arm64@0.8.5':
    resolution: {integrity: sha512-BJtJvyf/Ma3v57uebPbe7VMUjNwTa3KW0fJn4awBBXyen8aS/i0gUbCDEsjGPY4GvAT41AggcYSep37V5VPENg==}
    cpu: [arm64]
    os: [android]

  '@yuku-parser/binding-darwin-arm64@0.8.5':
    resolution: {integrity: sha512-CEzkjuxNjufVmSRlSm1qYGaoRpbp0g03saC8Tz6BesbmBUuP8MSqJa2BSskMbvYkRhKUN4OFCoPJ0XJf7ARTZQ==}
    cpu: [arm64]
    os: [darwin]

  '@yuku-parser/binding-darwin-x64@0.8.5':
    resolution: {integrity: sha512-HS7wYfYUi3fTYNrzLNnZUia5DVo/Kf5NRmbh2rNVDKzMUEUfXI7xWdh0OOqIqYI3SsA5AcZOCI357uYb0+2B9Q==}
    cpu: [x64]
    os: [darwin]

  '@yuku-parser/binding-freebsd-x64@0.8.5':
    resolution: {integrity: sha512-Iq/XcdT3qjV+mxzb6hE4oSlst/+wrJxSsgKu3FkVkV1bxb0UfITfedws/wI356KVr+BM9CeamNkdbchHV4pJlw==}
    cpu: [x64]
    os: [freebsd]

  '@yuku-parser/binding-linux-arm-gnu@0.8.5':
    resolution: {integrity: sha512-vbI/zeUdJEZ8BKUEfOD8ngtPR5/9XdONpRRosw73kOtA1GyipTF1rj75ozLHIVCEybdCB/GSlQ6OjjhuEAKrGA==}
    cpu: [arm]
    os: [linux]
    libc: [glibc]

  '@yuku-parser/binding-linux-arm-musl@0.8.5':
    resolution: {integrity: sha512-3K4kOkOxWbUKoRja+vn7Srn8Nyc66Fr66oFWO+pFA/0KpVtlIGpKY+/KL8QIQdM7swTh+82OVkuFKeFEweVFLg==}
    cpu: [arm]
    os: [linux]
    libc: [musl]

  '@yuku-parser/binding-linux-arm64-gnu@0.8.5':
    resolution: {integrity: sha512-aj2pI9eT3ZAj8mWrC+utYUJwyxSd6ozthHjJfGtcY3MnZuQ4qbO7wm15BMqDgCSrg7az3tnONy1ftVQTWV9inA==}
    cpu: [arm64]
    os: [linux]
    libc: [glibc]

  '@yuku-parser/binding-linux-arm64-musl@0.8.5':
    resolution: {integrity: sha512-+T2buVRNtY0QwhUeo8t47HmEpgh7tXMx8htMEdT7O0HHv3eFitwvyuVSdYNOpxo52Sc/0wJ6F4UbZni75aD4Pg==}
    cpu: [arm64]
    os: [linux]
    libc: [musl]

  '@yuku-parser/binding-linux-x64-gnu@0.8.5':
    resolution: {integrity: sha512-uIoy1uplNUqjq3GW6z+Ea8UCQkLKRPlM4FvqAhYMDwBazkVpE1mNvMqaQqf57ZP8mGTeOf4OF6CuUlenR2ttqg==}
    cpu: [x64]
    os: [linux]
    libc: [glibc]

  '@yuku-parser/binding-linux-x64-musl@0.8.5':
    resolution: {integrity: sha512-27doVJjvYevPWcakDCpfgZfDAlyhfyY3BwHf5TKtponCrSYBMzrBpD8ChYB1M7B6YOm0M5U9kEA0k1sB6CD4Ow==}
    cpu: [x64]
    os: [linux]
    libc: [musl]

  '@yuku-parser/binding-win32-arm64@0.8.5':
    resolution: {integrity: sha512-UIlSKhOLWZUQyDVQzYWAkHQGWnwNw5IxR/YYT2UCy64HLMQGGIxhb3qa/7Rf6yki50FrLx1O9PWgBKXCq7Zxxg==}
    cpu: [arm64]
    os: [win32]

  '@yuku-parser/binding-win32-x64@0.8.5':
    resolution: {integrity: sha512-helhS0Pt0TwsW9Z5L3V5o27qrnTrmaUTgSpymVUJYlZJgW6Nagk7nS5P3Ez4b1OZXMwc5y5CR6m1niuzL/yYfQ==}
    cpu: [x64]
    os: [win32]

  '@yuku-toolchain/types@0.8.5':
    resolution: {integrity: sha512-ELNzrhwfi9+VCTaj6QcLCb5MlUK6pmVqPqH8bBmer1FTHvgEITnpwB73L/Wx5KKPPVWAokfeeU9V2rJy/9kMlg==}

  acorn-walk@8.3.5:
    resolution: {integrity: sha512-HEHNfbars9v4pgpW6SO1KSPkfoS0xVOM/9UzkJltjlsHZmJasxg8aXkuZa7SMf8vKGIBhpUsPluQSqhJFCqebw==}
    engines: {node: '>=0.4.0'}

  acorn@8.18.0:
    resolution: {integrity: sha512-lGq+9yr1/GuAWaVYIHRjvvySG5/4VfKIvC8EWxStPdcDh/Ka7FG3twP6v4d5BkravUilhIAsG4Qj83t02LWUPQ==}
    engines: {node: '>=0.4.0'}
    hasBin: true

  ansi-colors@4.1.3:
    resolution: {integrity: sha512-/6w/C21Pm1A7aZitlI5Ni/2J6FFQN8i1Cvz3kHABAAbw93v/NlvKdVOqz7CCWz/3iv/JplRSEEZ83XION15ovw==}
    engines: {node: '>=6'}

  ansi-regex@5.0.1:
    resolution: {integrity: sha512-quJQXlTSUGL2LH9SUXo8VwsY4soanhgo6LNSm84E1LBcE8s3O0wpdiRzyR9z/ZZJMlMWv37qOOb9pdJlMUEKFQ==}
    engines: {node: '>=8'}

  ansi-styles@4.3.0:
    resolution: {integrity: sha512-zbB9rCJAT1rbjiVDb2hqKFHNYLxgtk8NURxZ3IZwD3F6NtxbXZQCnnSi1Lkx+IDohdPlFp222wVALIheZJQSEg==}
    engines: {node: '>=8'}

  ansis@4.3.1:
    resolution: {integrity: sha512-BJ8/l4R5LRE7hW9WdSuGYrLSHi2ynxeFpDFbH0K/CgNeY/tyhk+vO6TYxXC5r5CpUhNVX310xzPsN/H9lCdfOA==}
    engines: {node: '>=14'}

  anymatch@3.1.3:
    resolution: {integrity: sha512-KMReFUr0B4t+D+OBkjR3KYqvocp2XaSzO55UcB6mgQMd3KbcE+mWTyvVV7D/zsdEbNnV6acZUutkiHQXvTr1Rw==}
    engines: {node: '>= 8'}

  arg@4.1.3:
    resolution: {integrity: sha512-58S9QDqG0Xx27YwPSt9fJxivjYl432YCwfDMfZ+71RAqUrZef7LrKQZ3LHLOwCS4FLNBplP533Zx895SeOCHvA==}

  argparse@2.0.1:
    resolution: {integrity: sha512-8+9WqebbFzpX9OR+Wa6O29asIogeRMzcGtAINdpMHHyAg10f05aSFVBbcEqGf/PXw1EjAZ+q2/bEBg3DvurK3Q==}

  assertion-error@1.1.0:
    resolution: {integrity: sha512-jgsaNduz+ndvGyFt3uSuWqvy4lCnIJiovtouQN5JZHOKCS2QuhEdbcQHFhVksz2N2U9hXJo8odG7ETyWlEeuDw==}

  balanced-match@1.0.2:
    resolution: {integrity: sha512-3oSeUO0TMV67hN1AmbXsK4yaqU7tjiHlbxRDZOpH0KW9+CeX4bRAaX0Anxt0tx2MrpRpWwQaPwIlISEJhYU5Pw==}

  binary-extensions@2.3.0:
    resolution: {integrity: sha512-Ceh+7ox5qe7LJuLHoY0feh3pHuUDHAcRUeyL2VYghZwfpkNIy/+8Ocg0a3UuSoYzavmylwuLWQOf3hl0jjMMIw==}
    engines: {node: '>=8'}

  brace-expansion@2.1.4:
    resolution: {integrity: sha512-hGfVzPxthbf3+2yjg/RBs60cB0FhqBS/zvdV/4wn4/BmN0bNMMHPc4V/BbFieqf1TKAGGAHnY4eSjajCl0f2Xg==}

  braces@3.0.3:
    resolution: {integrity: sha512-yQbXgO/OSZVD2IsiLlro+7Hf6Q18EJrKSEsdoMzKePKXct3gvD8oLcOQdIzGupr5Fj+EDe8gO/lxc1BzfMpxvA==}
    engines: {node: '>=8'}

  browser-stdout@1.3.1:
    resolution: {integrity: sha512-qhAVI1+Av2X7qelOfAIYwXONood6XlZE/fXaBSmW/T5SzLAmCgzi+eiWE7fUvbHaeNBQH13UftjpXxsfLkMpgw==}

  cac@7.0.0:
    resolution: {integrity: sha512-tixWYgm5ZoOD+3g6UTea91eow5z6AAHaho3g0V9CNSNb45gM8SmflpAc+GRd1InC4AqN/07Unrgp56Y94N9hJQ==}
    engines: {node: '>=20.19.0'}

  camelcase@6.3.0:
    resolution: {integrity: sha512-Gmy6FhYlCY7uOElZUSbxo2UCDH8owEk996gkbrpsgGtrJLM3J7jGxl9Ic7Qwwj4ivOE5AWZWRMecDdF7hqGjFA==}
    engines: {node: '>=10'}

  chai@4.5.0:
    resolution: {integrity: sha512-RITGBfijLkBddZvnn8jdqoTypxvqbOLYQkGGxXzeFjVHvudaPw0HNFD9x928/eUwYWd2dPCugVqspGALTZZQKw==}
    engines: {node: '>=4'}

  chalk@4.1.2:
    resolution: {integrity: sha512-oKnbhFyRIXpUuez8iBMmyEa4nbj4IOQyuhc/wy9kY7/WVPcwIO9VA668Pu8RkO7+0G76SLROeyw9CpQ061i4mA==}
    engines: {node: '>=10'}

  check-error@1.0.3:
    resolution: {integrity: sha512-iKEoDYaRmd1mxM90a2OEfWhjsjPpYPuQ+lMYsoxB126+t8fw7ySEO48nmDg5COTjxDI65/Y2OWpeEHk3ZOe8zg==}

  chokidar@3.6.0:
    resolution: {integrity: sha512-7VT13fmjotKpGipCW9JEQAusEPE+Ei8nl6/g4FBAmIm0GOOLMua9NDDo/DWp0ZAxCr3cPq5ZpBqmPAQgDda2Pw==}
    engines: {node: '>= 8.10.0'}

  cliui@7.0.4:
    resolution: {integrity: sha512-OcRE68cOsVMXp1Yvonl/fzkQOyjLSu/8bhPDfQt0e0/Eb283TKP20Fs2MqoPsr9SwA595rRCA+QMzYc9nBP+JQ==}

  color-convert@2.0.1:
    resolution: {integrity: sha512-RRECPsj7iu/xb5oKYcsFHSppFNnsj/52OVTRKb4zP5onXwVF3zVmmToNcOfGC+CRDpfK/U584fMg38ZHCaElKQ==}
    engines: {node: '>=7.0.0'}

  color-name@1.1.4:
    resolution: {integrity: sha512-dOy+3AuW3a2wNbZHIuMZpTcgjGuLU/uBL/ubcZF9OXbDo8ff4O8yVp5Bf0efS8uEoYo5q4Fx7dY9OgQGXgAsQA==}

  create-require@1.1.1:
    resolution: {integrity: sha512-dcKFX3jn0MpIaXjisoRvexIJVEKzaq7z2rZKxf+MSr9TkdmHmsU4m2lcLojrj/FHl8mk5VxMmYA+ftRkP/3oKQ==}

  debug@4.4.3:
    resolution: {integrity: sha512-RGwwWnwQvkVfavKVt22FGLw+xYSdzARwm0ru6DhTVA3umU5hZc28V3kO4stgYryrTlLpuvgI9GiijltAjNbcqA==}
    engines: {node: '>=6.0'}
    peerDependencies:
      supports-color: '*'
    peerDependenciesMeta:
      supports-color:
        optional: true

  decamelize@4.0.0:
    resolution: {integrity: sha512-9iE1PgSik9HeIIw2JO94IidnE3eBoQrFJ3w7sFuzSX4DpmZ3v5sZpUiV5Swcf6mQEF+Y0ru8Neo+p+nyh2J+hQ==}
    engines: {node: '>=10'}

  deep-eql@4.1.4:
    resolution: {integrity: sha512-SUwdGfqdKOwxCPeVYjwSyRpJ7Z+fhpwIAtmCUdZIWZ/YP5R9WAsyuSgpLVDi9bjWoN2LXHNss/dk3urXtdQxGg==}
    engines: {node: '>=6'}

  defu@6.1.7:
    resolution: {integrity: sha512-7z22QmUWiQ/2d0KkdYmANbRUVABpZ9SNYyH5vx6PZ+nE5bcC0l7uFvEfHlyld/HcGBFTL536ClDt3DEcSlEJAQ==}

  diff@4.0.4:
    resolution: {integrity: sha512-X07nttJQkwkfKfvTPG/KSnE2OMdcUCao6+eXF3wmnIQRn2aPAHH3VxDbDOdegkd6JbPsXqShpvEOHfAT+nCNwQ==}
    engines: {node: '>=0.3.1'}

  diff@5.2.2:
    resolution: {integrity: sha512-vtcDfH3TOjP8UekytvnHH1o1P4FcUdt4eQ1Y+Abap1tk/OB2MWQvcwS2ClCd1zuIhc3JKOx6p3kod8Vfys3E+A==}
    engines: {node: '>=0.3.1'}

  dts-resolver@3.0.0:
    resolution: {integrity: sha512-1T1f+z+4tl9XD+m+0HBgWoL/nm0bOIffyWaUuUSBlFg/86IWvfx+wjNaO/ybU0AJzG9/Mi5hBUgGV6zCmWEN7Q==}
    engines: {node: ^22.18.0 || >=24.0.0}
    peerDependencies:
      oxc-resolver: '>=11.0.0'
    peerDependenciesMeta:
      oxc-resolver:
        optional: true

  emoji-regex@8.0.0:
    resolution: {integrity: sha512-MSjYzcWNOA0ewAHpz0MxpYFvwg6yjy1NG3xteoqz644VCo/RPgnr1/GGt+ic3iJTzQ8Eu3TdM14SawnVUmGE6A==}

  empathic@2.0.1:
    resolution: {integrity: sha512-YGRs8knHhKHVShLkFET/rWAU8kmHbOV5LwN938RHI0pljAJ1Gf6SzXsSmRaEzcXTtOOmVqJ5+WtQPL5uigY50Q==}
    engines: {node: '>=14'}

  escalade@3.2.0:
    resolution: {integrity: sha512-WUj2qlxaQtO4g6Pq5c29GTcWGDyd8itL8zTlipgECz3JesAiiOKotd8JU6otB3PACgG6xkJUyVhboMS+bje/jA==}
    engines: {node: '>=6'}

  escape-string-regexp@4.0.0:
    resolution: {integrity: sha512-TtpcNJ3XAzx3Gq8sWRzJaVajRs0uVxA2YAkdb1jm2YkPz4G6egUFAyA3n5vtEIZefPk5Wa4UXbKuS5fKkJWdgA==}
    engines: {node: '>=10'}

  fdir@6.5.0:
    resolution: {integrity: sha512-tIbYtZbucOs0BRGqPJkshJUYdL+SDH7dVM8gjy+ERp3WAUjLEFJE+02kanyHtwjWOnwrKYBiwAmM0p4kLJAnXg==}
    engines: {node: '>=12.0.0'}
    peerDependencies:
      picomatch: ^3 || ^4
    peerDependenciesMeta:
      picomatch:
        optional: true

  fill-range@7.1.1:
    resolution: {integrity: sha512-YsGpe3WHLK8ZYi4tWDg2Jy3ebRz2rXowDxnld4bkQB00cc/1Zw9AWnC0i9ztDJitivtQvaI9KaLyKrc+hBW0yg==}
    engines: {node: '>=8'}

  find-up@5.0.0:
    resolution: {integrity: sha512-78/PXT1wlLLDgTzDs7sjq9hzz0vXD+zn+7wypEe4fXQxCmdmqfGsEPQxmiCSQI3ajFV91bVSsvNtrJRiW6nGng==}
    engines: {node: '>=10'}

  flat@5.0.2:
    resolution: {integrity: sha512-b6suED+5/3rTpUBdG1gupIl8MPFCAMA0QXwmljLhvCUKcUvdE4gWky9zpuGCcXHOsz4J9wPGNWq6OKpmIzz3hQ==}
    hasBin: true

  fs.realpath@1.0.0:
    resolution: {integrity: sha512-OO0pH2lK6a0hZnAdau5ItzHPI6pUlvI7jMVnxUQRtw4owF2wk8lOSabtGDCTP4Ggrg2MbGnWO9X8K1t4+fGMDw==}

  fsevents@2.3.3:
    resolution: {integrity: sha512-5xoDfX+fL7faATnagmWPpbFtwh/R77WmMMqqHGS65C3vvB0YHrgF+B1YmZ3441tMj5n63k0212XNoJwzlhffQw==}
    engines: {node: ^8.16.0 || ^10.6.0 || >=11.0.0}
    os: [darwin]

  get-caller-file@2.0.5:
    resolution: {integrity: sha512-DyFP3BM/3YHTQOCUL/w0OZHR0lpKeGrxotcHWcqNEdnltqFwXVfhEBQ94eIo34AfQpo0rGki4cyIiftY06h2Fg==}
    engines: {node: 6.* || 8.* || >= 10.*}

  get-func-name@2.0.2:
    resolution: {integrity: sha512-8vXOvuE167CtIc3OyItco7N/dpRtBbYOsPsXCz7X/PMnlGjYjSGuZJgM1Y7mmew7BKf9BqvLX2tnOVy1BBUsxQ==}

  get-tsconfig@5.0.0-beta.5:
    resolution: {integrity: sha512-/6gFNr0N04nob252sTQxyFLi3eKFRqIg1I87YcqAMT1i6SQrSF6KujUEQrtrjMV0H/eejTCltLdDSTEMzHbnsQ==}
    engines: {node: '>=20.20.0'}

  glob-parent@5.1.2:
    resolution: {integrity: sha512-AOIgSQCepiJYwP3ARnGx+5VnTu2HBYdzbGP45eLw1vr3zB3vZLeyed1sC9hnbcOc9/SrMyM5RPQrkGz4aS9Zow==}
    engines: {node: '>= 6'}

  glob@8.1.0:
    resolution: {integrity: sha512-r8hpEjiQEYlF2QU0df3dS+nxxSIreXQS1qRhMJM0Q5NDdR386C7jb7Hwwod8Fgiuex+k0GFjgft18yvxm5XoCQ==}
    engines: {node: '>=12'}
    deprecated: Old versions of glob are not supported, and contain widely publicized security vulnerabilities, which have been fixed in the current version. Please update. Support for old versions may be purchased (at exorbitant rates) by contacting i@izs.me

  has-flag@4.0.0:
    resolution: {integrity: sha512-EykJT/Q1KjTWctppgIAgfSO0tKVuZUjhgMr17kqTumMl6Afv3EISleU7qZUzoXDFTAHTDC4NOoG/ZxU3EvlMPQ==}
    engines: {node: '>=8'}

  he@1.2.0:
    resolution: {integrity: sha512-F/1DnUGPopORZi0ni+CvrCgHQ5FyEAHRLSApuYWMmrbSwoN2Mn/7k+Gl38gJnR7yyDZk6WLXwiGod1JOWNDKGw==}
    hasBin: true

  hookable@6.1.1:
    resolution: {integrity: sha512-U9LYDy1CwhMCnprUfeAZWZGByVbhd54hwepegYTK7Pi5NvqEj63ifz5z+xukznehT7i6NIZRu89Ay1AZmRsLEQ==}

  import-without-cache@0.4.0:
    resolution: {integrity: sha512-NkJQA7oZ4YHQhd2+H3BoRFKF3d/XNsiKpHZCQEMH9pDX27hQQLsTyOocyRgaIVtf8gHX3Nt3LPkR4e5EdtPAGQ==}
    engines: {node: ^22.18.0 || >=24.0.0}

  inflight@1.0.6:
    resolution: {integrity: sha512-k92I/b08q4wvFscXCLvqfsHCrjrF7yiXsQuIVvVE7N82W3+aqpzuUdBbfhWcy/FZR3/4IgflMgKLOsvPDrGCJA==}
    deprecated: This module is not supported, and leaks memory. Do not use it. Check out lru-cache if you want a good and tested way to coalesce async requests by a key value, which is much more comprehensive and powerful.

  inherits@2.0.4:
    resolution: {integrity: sha512-k/vGaX4/Yla3WzyMCvTQOXYeIHvqOKtnqBduzTHpzpQZzAskKMhZ2K+EnBiSM9zGSoIFeMpXKxa4dYeZIQqewQ==}

  is-binary-path@2.1.0:
    resolution: {integrity: sha512-ZMERYes6pDydyuGidse7OsHxtbI7WVeUEozgR/g7rd0xUimYNlvZRE/K2MgZTjWy725IfelLeVcEM97mmtRGXw==}
    engines: {node: '>=8'}

  is-extglob@2.1.1:
    resolution: {integrity: sha512-SbKbANkN603Vi4jEZv49LeVJMn4yGwsbzZworEoyEiutsN3nJYdbO36zfhGJ6QEDpOZIFkDtnq5JRxmvl3jsoQ==}
    engines: {node: '>=0.10.0'}

  is-fullwidth-code-point@3.0.0:
    resolution: {integrity: sha512-zymm5+u+sCsSWyD9qNaejV3DFvhCKclKdizYaJUuHA83RLjb7nSuGnddCHGv0hk+KY7BMAlsWeK4Ueg6EV6XQg==}
    engines: {node: '>=8'}

  is-glob@4.0.3:
    resolution: {integrity: sha512-xelSayHH36ZgE7ZWhli7pW34hNbNl8Ojv5KVmkJD4hBdD3th8Tfk9vYasLM+mXWOZhFkgZfxhLSnrwRr4elSSg==}
    engines: {node: '>=0.10.0'}

  is-number@7.0.0:
    resolution: {integrity: sha512-41Cifkg6e8TylSpdtTpeLVMqvSBEVzTttHvERD741+pnZ8ANv0004MRL43QKPDlK9cGvNp6NZWZUBlbGXYxxng==}
    engines: {node: '>=0.12.0'}

  is-plain-obj@2.1.0:
    resolution: {integrity: sha512-YWnfyRwxL/+SsrWYfOpUtz5b3YD+nyfkHvjbcanzk8zgyO4ASD67uVMRt8k5bM4lLMDnXfriRhOpemw+NfT1eA==}
    engines: {node: '>=8'}

  is-unicode-supported@0.1.0:
    resolution: {integrity: sha512-knxG2q4UC3u8stRGyAVJCOdxFmv5DZiRcdlIaAQXAbSfJya+OhopNotLQrstBhququ4ZpuKbDc/8S6mgXgPFPw==}
    engines: {node: '>=10'}

  js-yaml@4.3.1:
    resolution: {integrity: sha512-CY6crGq313MX8GkwvB7tzgp99vjQxY1++5y10/BKN/GUfHqWaOGQMNZkBvqSzsZKWk/ijwHlWzzkLulsGHhjWQ==}
    hasBin: true

  locate-path@6.0.0:
    resolution: {integrity: sha512-iPZK6eYjbxRu3uB4/WZ3EsEIMJFMqAoopl3R+zuq0UjcAm/MO6KCweDgPfP3elTztoKP3KtnVHxTn2NHBSDVUw==}
    engines: {node: '>=10'}

  log-symbols@4.1.0:
    resolution: {integrity: sha512-8XPvpAA8uyhfteu8pIvQxpJZ7SYYdpUivZpGy6sFsBuKRY/7rQGavedeB8aK+Zkyq6upMFVL/9AW6vOYzfRyLg==}
    engines: {node: '>=10'}

  loupe@2.3.7:
    resolution: {integrity: sha512-zSMINGVYkdpYSOBmLi0D1Uo7JU9nVdQKrHxC8eYlV+9YKK9WePqAlL7lSlorG/U2Fw1w0hTBmaa/jrQ3UbPHtA==}

  make-error@1.3.6:
    resolution: {integrity: sha512-s8UhlNe7vPKomQhC1qFelMokr/Sc3AgNbso3n74mVPA5LTZwkB9NlXf4XPamLxJE8h0gh73rM94xvwRT2CVInw==}

  minimatch@5.1.9:
    resolution: {integrity: sha512-7o1wEA2RyMP7Iu7GNba9vc0RWWGACJOCZBJX2GJWip0ikV+wcOsgVuY9uE8CPiyQhkGFSlhuSkZPavN7u1c2Fw==}
    engines: {node: '>=10'}

  mocha@10.8.2:
    resolution: {integrity: sha512-VZlYo/WE8t1tstuRmqgeyBgCbJc/lEdopaa+axcKzTBJ+UIdlAB9XnmvTCAH4pwR4ElNInaedhEBmZD8iCSVEg==}
    engines: {node: '>= 14.0.0'}
    hasBin: true

  ms@2.1.3:
    resolution: {integrity: sha512-6FlzubTLZG3J2a/NVCAleEhjzq5oxgHyaCU9yYXvcLsvoVaHJq/s5xXI6/XXP6tz7R9xAOtHnSO/tXtF3WRTlA==}

  normalize-path@3.0.0:
    resolution: {integrity: sha512-6eZs5Ls3WtCisHWp9S2GUy8dqkpGi4BVSz3GaqiE6ezub0512ESztXUwUB6C6IKbQkY2Pnb/mD4WYojCRwcwLA==}
    engines: {node: '>=0.10.0'}

  obug@2.1.4:
    resolution: {integrity: sha512-4a+OsYv9UktOJKE+l1A4OufDgdRF9PifWj+tJnHURo/P+WOxpG4GzUFL9qCalmWauao6ogiG+QvnCovwPoyAWA==}
    engines: {node: '>=12.20.0'}

  once@1.4.0:
    resolution: {integrity: sha512-lNaJgI+2Q5URQBkccEKHTQOPaXdUxnZZElQTZY0MFUAuaEqe1E+Nyvgdz/aIyNi6Z9MzO5dv1H8n58/GELp3+w==}

  p-limit@3.1.0:
    resolution: {integrity: sha512-TYOanM3wGwNGsZN2cVTYPArw454xnXj5qmWF1bEoAc4+cU/ol7GVh7odevjp1FNHduHc3KZMcFduxU5Xc6uJRQ==}
    engines: {node: '>=10'}

  p-locate@5.0.0:
    resolution: {integrity: sha512-LaNjtRWUBY++zB5nE/NwcaoMylSPk+S+ZHNB1TzdbMJMny6dynpAGt7X/tl/QYq3TIeE6nxHppbo2LGymrG5Pw==}
    engines: {node: '>=10'}

  path-exists@4.0.0:
    resolution: {integrity: sha512-ak9Qy5Q7jYb2Wwcey5Fpvg2KoAc/ZIhLSLOSBmRmygPsGwkVVt0fZa0qrtMz+m6tJTAHfZQ8FnmB4MG4LWy7/w==}
    engines: {node: '>=8'}

  pathval@1.1.1:
    resolution: {integrity: sha512-Dp6zGqpTdETdR63lehJYPeIOqpiNBNtc7BpWSLrOje7UaIsE5aY92r/AunQA7rsXvet3lrJ3JnZX29UPTKXyKQ==}

  picomatch@2.3.2:
    resolution: {integrity: sha512-V7+vQEJ06Z+c5tSye8S+nHUfI51xoXIXjHQ99cQtKUkQqqO1kO/KCJUfZXuB47h/YBlDhah2H3hdUGXn8ie0oA==}
    engines: {node: '>=8.6'}

  picomatch@4.0.5:
    resolution: {integrity: sha512-RvwwcruNjI1ncT5xRakeyS9Lf8lcItv34KD+aif+VH9kduAyfYBipGh12274xtenIPZ119/R9BdTBa8gAwSh0A==}
    engines: {node: '>=12'}

  quansync@1.0.0:
    resolution: {integrity: sha512-5xZacEEufv3HSTPQuchrvV6soaiACMFnq1H8wkVioctoH3TRha9Sz66lOxRwPK/qZj7HPiSveih9yAyh98gvqA==}

  randombytes@2.1.0:
    resolution: {integrity: sha512-vYl3iOX+4CKUWuxGi9Ukhie6fsqXqS9FE2Zaic4tNFD2N2QQaXOMFbuKK4QmDHC0JO6B1Zp41J0LpT0oR68amQ==}

  readdirp@3.6.0:
    resolution: {integrity: sha512-hOS089on8RduqdbhvQ5Z37A0ESjsqz6qnRcffsMU3495FuTdqSm+7bhJ29JvIOsBDEEnan5DPu9t3To9VRlMzA==}
    engines: {node: '>=8.10.0'}

  require-directory@2.1.1:
    resolution: {integrity: sha512-fGxEI7+wsG9xrvdjsrlmL22OMTTiHRwAMroiEeMgq8gzoLC/PQr7RsRDSTLUg/bZAZtF+TVIkHc6/4RIKrui+Q==}
    engines: {node: '>=0.10.0'}

  resolve-pkg-maps@1.0.0:
    resolution: {integrity: sha512-seS2Tj26TBVOC2NIc2rOe2y2ZO7efxITtLZcGSOnHHNOQ7CkiUBfw0Iw2ck6xkIhPwLhKNLS8BO+hEpngQlqzw==}

  rolldown-plugin-dts@0.27.14:
    resolution: {integrity: sha512-ZvuDDwoIpRK9RPxDXratCpklFO9QZZWndf/sd0VBFb4LEj0jj07UcHK9OCh7V4XiFz2Z89ziyBC2K6tJiDjrbw==}
    engines: {node: ^22.18.0 || >=24.11.0}
    peerDependencies:
      '@typescript/native-preview': '*'
      '@volar/typescript': ~2.4.0
      rolldown: ^1.0.0
      typescript: ^5.0.0 || ^6.0.0 || ~7.0.0
      vue-tsc: ~3.2.0 || ~3.3.0
    peerDependenciesMeta:
      '@typescript/native-preview':
        optional: true
      '@volar/typescript':
        optional: true
      typescript:
        optional: true
      vue-tsc:
        optional: true

  rolldown@1.2.4:
    resolution: {integrity: sha512-rSr7irW0K7QRWzjdJXqZowkcRdDtjRduh43rBltnVKd0VFq839l1lJoDvGJb6gl7+4rTTCrPWu+YfujUL8Ug7w==}
    engines: {node: ^20.19.0 || >=22.12.0}
    hasBin: true

  safe-buffer@5.2.1:
    resolution: {integrity: sha512-rp3So07KcdmmKbGvgaNxQSJr7bGVSVk5S9Eq1F+ppbRo70+YeaDxkw5Dd8NPN+GD6bjnYm2VuPuCXmpuYvmCXQ==}

  serialize-javascript@6.0.2:
    resolution: {integrity: sha512-Saa1xPByTTq2gdeFZYLLo+RFE35NHZkAbqZeWNd3BpzppeVisAqpDjcp8dyf6uIvEqJRd46jemmyA4iFIeVk8g==}

  string-width@4.2.3:
    resolution: {integrity: sha512-wKyQRQpjJ0sIp62ErSZdGsjMJWsap5oRNihHhu6G7JVO/9jIB6UyevL+tXuOqrng8j/cxKTWyWUwvSTriiZz/g==}
    engines: {node: '>=8'}

  strip-ansi@6.0.1:
    resolution: {integrity: sha512-Y38VPSHcqkFrCpFnQ9vuSXmquuv5oXOKpGeT6aGrr3o3Gc9AlVa6JBfUSOCnbxGGZF+/0ooI7KrPuUSztUdU5A==}
    engines: {node: '>=8'}

  strip-json-comments@3.1.1:
    resolution: {integrity: sha512-6fPc+R4ihwqP6N/aIv2f1gMH8lOVtWQHoqC4yK6oSDVVocumAsfCqjkXnqiYMhmMwS/mEHLp7Vehlt3ql6lEig==}
    engines: {node: '>=8'}

  supports-color@7.2.0:
    resolution: {integrity: sha512-qpCAvRl9stuOHveKsn7HncJRvv501qIacKzQlO/+Lwxc9+0q2wLyv4Dfvt80/DPn2pqOBsJdDiogXGR9+OvwRw==}
    engines: {node: '>=8'}

  supports-color@8.1.1:
    resolution: {integrity: sha512-MpUEN2OodtUzxvKQl72cUF7RQ5EiHsGvSsVG0ia9c5RbWGL2CI4C7EpPS8UTBIplnlzZiNuV56w+FuNxy3ty2Q==}
    engines: {node: '>=10'}

  tinyexec@1.3.0:
    resolution: {integrity: sha512-QKAl9m8gWWGHV8jZcPeym6j+XULi6tOf1mT83WYJ4Lk2ytW/uwAWkrP0uFsdoYMdueVJ0qs26wZ+23xeB4ibNQ==}
    engines: {node: '>=18'}

  tinyglobby@0.2.17:
    resolution: {integrity: sha512-wXR/dYpcqKmfWpEdZjiKJOwCNFndD0DMnrW/cYjVGttEkBfVgcLFHoNrlj47mjOVic9yyNu65alsgF4NQyTa2g==}
    engines: {node: '>=12.0.0'}

  to-regex-range@5.0.1:
    resolution: {integrity: sha512-65P7iz6X5yEr1cwcgvQxbbIw7Uk3gOy5dIdtZ4rDveLqhrdJP+Li/Hx6tyK0NEb+2GCyneCMJiGqrADCSNk8sQ==}
    engines: {node: '>=8.0'}

  tree-kill@1.2.2:
    resolution: {integrity: sha512-L0Orpi8qGpRG//Nd+H90vFB+3iHnue1zSSGmNOOCh1GLJ7rUKVwV2HvijphGQS2UmhUZewS9VgvxYIdgr+fG1A==}
    hasBin: true

  ts-node@10.9.2:
    resolution: {integrity: sha512-f0FFpIdcHgn8zcPSbf1dRevwt047YMnaiJM3u2w2RewrB+fob/zePZcrOyQoLMMO7aBIddLcQIEK5dYjkLnGrQ==}
    hasBin: true
    peerDependencies:
      '@swc/core': '>=1.2.50'
      '@swc/wasm': '>=1.2.50'
      '@types/node': '*'
      typescript: '>=2.7'
    peerDependenciesMeta:
      '@swc/core':
        optional: true
      '@swc/wasm':
        optional: true

  tsdown@0.22.14:
    resolution: {integrity: sha512-ule7Y+fsAN2iZbLDoo7C4KYljFJNJJ+fLshyn+9gozeTspVersWHxwdGB+Dm2hzA38s6muFnUTl0jK3vJm9ifQ==}
    engines: {node: ^22.18.0 || >=24.11.0}
    hasBin: true
    peerDependencies:
      '@arethetypeswrong/core': ^0.18.1
      '@tsdown/css': 0.22.14
      '@tsdown/exe': 0.22.14
      '@vitejs/devtools': '*'
      publint: ^0.3.8
      tsx: '*'
      typescript: ^5.0.0 || ^6.0.0 || ^7.0.0
      unplugin-unused: ^0.5.0
      unrun: '*'
    peerDependenciesMeta:
      '@arethetypeswrong/core':
        optional: true
      '@tsdown/css':
        optional: true
      '@tsdown/exe':
        optional: true
      '@vitejs/devtools':
        optional: true
      publint:
        optional: true
      tsx:
        optional: true
      typescript:
        optional: true
      unplugin-unused:
        optional: true
      unrun:
        optional: true

  type-detect@4.1.0:
    resolution: {integrity: sha512-Acylog8/luQ8L7il+geoSxhEkazvkslg7PSNKOX59mbB9cOveP5aq9h74Y7YU8yDpJwetzQQrfIwtf4Wp4LKcw==}
    engines: {node: '>=4'}

  typescript@5.9.3:
    resolution: {integrity: sha512-jl1vZzPDinLr9eUt3J/t7V6FgNEw9QjvBPdysz9KfQDD41fQrC2Y4vKQdiaUpFT4bXlb1RHhLpp8wtm6M5TgSw==}
    engines: {node: '>=14.17'}
    hasBin: true

  unconfig-core@7.5.0:
    resolution: {integrity: sha512-Su3FauozOGP44ZmKdHy2oE6LPjk51M/TRRjHv2HNCWiDvfvCoxC2lno6jevMA91MYAdCdwP05QnWdWpSbncX/w==}

  undici-types@6.21.0:
    resolution: {integrity: sha512-iwDZqg0QAGrg9Rav5H4n0M64c3mkR59cJ6wQp+7C4nI0gsmExaedaYLNO44eT4AtBBwjbTiGPMlt2Md0T9H9JQ==}

  v8-compile-cache-lib@3.0.1:
    resolution: {integrity: sha512-wa7YjyUGfNZngI/vtK0UHAN+lgDCxBPCylVXGp0zu59Fz5aiGtNXaq3DhIov063MorB+VfufLh3JlF2KdTK3xg==}

  verkit@0.3.2:
    resolution: {integrity: sha512-zj/ob3UsvJGN0whEAKFp53REA5X66hvffVqoCtVQAakJKnKlH+/PcOfMoFwIG/o4rElqLv/ycAFlx8ZlXUorCg==}
    engines: {node: '>=18.12.0'}

  workerpool@6.5.1:
    resolution: {integrity: sha512-Fs4dNYcsdpYSAfVxhnl1L5zTksjvOJxtC5hzMNl+1t9B8hTJTdKDyZ5ju7ztgPy+ft9tBFXoOlDNiOT9WUXZlA==}

  wrap-ansi@7.0.0:
    resolution: {integrity: sha512-YVGIj2kamLSTxw6NsZjoBxfSwsn0ycdesmc4p+Q21c5zPuZ1pl+NfxVdxPtdHvmNVOQ6XSYG4AUtyt/Fi7D16Q==}
    engines: {node: '>=10'}

  wrappy@1.0.2:
    resolution: {integrity: sha512-l4Sp/DRseor9wL6EvV2+TuQn63dMkPjZ/sp9XkghTEbV9KlPS1xUsZ3u7/IQO4wxtcFB4bgpQPRcR3QCvezPcQ==}

  y18n@5.0.8:
    resolution: {integrity: sha512-0pfFzegeDWJHJIAmTLRP2DwHjdF5s7jo9tuztdQxAhINCdvS+3nGINqPd00AphqJR/0LhANUS6/+7SCb98YOfA==}
    engines: {node: '>=10'}

  yargs-parser@20.2.9:
    resolution: {integrity: sha512-y11nGElTIV+CT3Zv9t7VKl+Q3hTQoT9a1Qzezhhl6Rp21gJ/IVTW7Z3y9EWXhuUBC2Shnf+DX0antecpAwSP8w==}
    engines: {node: '>=10'}

  yargs-unparser@2.0.0:
    resolution: {integrity: sha512-7pRTIA9Qc1caZ0bZ6RYRGbHJthJWuakf+WmHK0rVeLkNrrGhfoabBNdue6kdINI6r4if7ocq9aD/n7xwKOdzOA==}
    engines: {node: '>=10'}

  yargs@16.2.2:
    resolution: {integrity: sha512-Nt9ZJjXTv5R8MHbqby/wXQ6Gi0Bb3TcYZkR1bzuL4yB2OxWPkXknz513gEF0GoA6tn00UpbPvERW8rzCuWCA6w==}
    engines: {node: '>=10'}

  yn@3.1.1:
    resolution: {integrity: sha512-Ux4ygGWsu2c7isFWe8Yu1YluJmqVhxqK2cLXNQA5AcC3QfbGNpM7fu0Y8b/z16pXLnFxZYvWhd3fhBY9DLmC6Q==}
    engines: {node: '>=6'}

  yocto-queue@0.1.0:
    resolution: {integrity: sha512-rVksvsnNCdJ/ohGc6xgPwyN8eheCxsiLM8mxuE/t/mOVqJewPuO1miLpTHQiRgTKCLexL4MeAFVagts7HmNZ2Q==}
    engines: {node: '>=10'}

  yuku-ast@0.8.5:
    resolution: {integrity: sha512-Ez2CI2BnPK/if0tVI7jB9UUDSNibcChjJDEPEKuWPJNRkbvzSoAQrSqpKtdzl8qTPp4ftVb87f/jx5HIKOieQw==}

  yuku-codegen@0.8.5:
    resolution: {integrity: sha512-+vhgTZyRxyl8eqjvt/6SfTpMW6Jn4+WYd1v7uJqfFFZja21HRsF3s9o3yhexdO3u5EnOm164b3gPv2llQQf6HA==}

  yuku-parser@0.8.5:
    resolution: {integrity: sha512-t843J9IdYYpcDaW7o3aDPXpTM72FsvkIDYEHtigyGFCvC3EhiIaSGM5WVNZl3lxTv1Dfis6IW3S/yBsBIaCiWw==}

snapshots:

  '@cspotcode/source-map-support@0.8.1':
    dependencies:
      '@jridgewell/trace-mapping': 0.3.9

  '@jridgewell/resolve-uri@3.1.2': {}

  '@jridgewell/sourcemap-codec@1.5.5': {}

  '@jridgewell/trace-mapping@0.3.9':
    dependencies:
      '@jridgewell/resolve-uri': 3.1.2
      '@jridgewell/sourcemap-codec': 1.5.5

  '@oxc-project/types@0.144.0': {}

  '@quansync/fs@1.0.0':
    dependencies:
      quansync: 1.0.0

  '@rolldown/binding-android-arm64@1.2.4':
    optional: true

  '@rolldown/binding-darwin-arm64@1.2.4':
    optional: true

  '@rolldown/binding-darwin-x64@1.2.4':
    optional: true

  '@rolldown/binding-freebsd-x64@1.2.4':
    optional: true

  '@rolldown/binding-linux-arm-gnueabihf@1.2.4':
    optional: true

  '@rolldown/binding-linux-arm64-gnu@1.2.4':
    optional: true

  '@rolldown/binding-linux-arm64-musl@1.2.4':
    optional: true

  '@rolldown/binding-linux-ppc64-gnu@1.2.4':
    optional: true

  '@rolldown/binding-linux-s390x-gnu@1.2.4':
    optional: true

  '@rolldown/binding-linux-x64-gnu@1.2.4':
    optional: true

  '@rolldown/binding-linux-x64-musl@1.2.4':
    optional: true

  '@rolldown/binding-openharmony-arm64@1.2.4':
    optional: true

  '@rolldown/binding-win32-arm64-msvc@1.2.4':
    optional: true

  '@rolldown/binding-win32-x64-msvc@1.2.4':
    optional: true

  '@rolldown/pluginutils@1.0.1': {}

  '@tsconfig/node10@1.0.12': {}

  '@tsconfig/node12@1.0.11': {}

  '@tsconfig/node14@1.0.3': {}

  '@tsconfig/node16@1.0.4': {}

  '@types/chai@4.3.20': {}

  '@types/mocha@10.0.10': {}

  '@types/node@20.19.43':
    dependencies:
      undici-types: 6.21.0

  '@yuku-codegen/binding-android-arm64@0.8.5':
    optional: true

  '@yuku-codegen/binding-darwin-arm64@0.8.5':
    optional: true

  '@yuku-codegen/binding-darwin-x64@0.8.5':
    optional: true

  '@yuku-codegen/binding-freebsd-x64@0.8.5':
    optional: true

  '@yuku-codegen/binding-linux-arm-gnu@0.8.5':
    optional: true

  '@yuku-codegen/binding-linux-arm-musl@0.8.5':
    optional: true

  '@yuku-codegen/binding-linux-arm64-gnu@0.8.5':
    optional: true

  '@yuku-codegen/binding-linux-arm64-musl@0.8.5':
    optional: true

  '@yuku-codegen/binding-linux-x64-gnu@0.8.5':
    optional: true

  '@yuku-codegen/binding-linux-x64-musl@0.8.5':
    optional: true

  '@yuku-codegen/binding-win32-arm64@0.8.5':
    optional: true

  '@yuku-codegen/binding-win32-x64@0.8.5':
    optional: true

  '@yuku-parser/binding-android-arm64@0.8.5':
    optional: true

  '@yuku-parser/binding-darwin-arm64@0.8.5':
    optional: true

  '@yuku-parser/binding-darwin-x64@0.8.5':
    optional: true

  '@yuku-parser/binding-freebsd-x64@0.8.5':
    optional: true

  '@yuku-parser/binding-linux-arm-gnu@0.8.5':
    optional: true

  '@yuku-parser/binding-linux-arm-musl@0.8.5':
    optional: true

  '@yuku-parser/binding-linux-arm64-gnu@0.8.5':
    optional: true

  '@yuku-parser/binding-linux-arm64-musl@0.8.5':
    optional: true

  '@yuku-parser/binding-linux-x64-gnu@0.8.5':
    optional: true

  '@yuku-parser/binding-linux-x64-musl@0.8.5':
    optional: true

  '@yuku-parser/binding-win32-arm64@0.8.5':
    optional: true

  '@yuku-parser/binding-win32-x64@0.8.5':
    optional: true

  '@yuku-toolchain/types@0.8.5': {}

  acorn-walk@8.3.5:
    dependencies:
      acorn: 8.18.0

  acorn@8.18.0: {}

  ansi-colors@4.1.3: {}

  ansi-regex@5.0.1: {}

  ansi-styles@4.3.0:
    dependencies:
      color-convert: 2.0.1

  ansis@4.3.1: {}

  anymatch@3.1.3:
    dependencies:
      normalize-path: 3.0.0
      picomatch: 2.3.2

  arg@4.1.3: {}

  argparse@2.0.1: {}

  assertion-error@1.1.0: {}

  balanced-match@1.0.2: {}

  binary-extensions@2.3.0: {}

  brace-expansion@2.1.4:
    dependencies:
      balanced-match: 1.0.2

  braces@3.0.3:
    dependencies:
      fill-range: 7.1.1

  browser-stdout@1.3.1: {}

  cac@7.0.0: {}

  camelcase@6.3.0: {}

  chai@4.5.0:
    dependencies:
      assertion-error: 1.1.0
      check-error: 1.0.3
      deep-eql: 4.1.4
      get-func-name: 2.0.2
      loupe: 2.3.7
      pathval: 1.1.1
      type-detect: 4.1.0

  chalk@4.1.2:
    dependencies:
      ansi-styles: 4.3.0
      supports-color: 7.2.0

  check-error@1.0.3:
    dependencies:
      get-func-name: 2.0.2

  chokidar@3.6.0:
    dependencies:
      anymatch: 3.1.3
      braces: 3.0.3
      glob-parent: 5.1.2
      is-binary-path: 2.1.0
      is-glob: 4.0.3
      normalize-path: 3.0.0
      readdirp: 3.6.0
    optionalDependencies:
      fsevents: 2.3.3

  cliui@7.0.4:
    dependencies:
      string-width: 4.2.3
      strip-ansi: 6.0.1
      wrap-ansi: 7.0.0

  color-convert@2.0.1:
    dependencies:
      color-name: 1.1.4

  color-name@1.1.4: {}

  create-require@1.1.1: {}

  debug@4.4.3(supports-color@8.1.1):
    dependencies:
      ms: 2.1.3
    optionalDependencies:
      supports-color: 8.1.1

  decamelize@4.0.0: {}

  deep-eql@4.1.4:
    dependencies:
      type-detect: 4.1.0

  defu@6.1.7: {}

  diff@4.0.4: {}

  diff@5.2.2: {}

  dts-resolver@3.0.0: {}

  emoji-regex@8.0.0: {}

  empathic@2.0.1: {}

  escalade@3.2.0: {}

  escape-string-regexp@4.0.0: {}

  fdir@6.5.0(picomatch@4.0.5):
    optionalDependencies:
      picomatch: 4.0.5

  fill-range@7.1.1:
    dependencies:
      to-regex-range: 5.0.1

  find-up@5.0.0:
    dependencies:
      locate-path: 6.0.0
      path-exists: 4.0.0

  flat@5.0.2: {}

  fs.realpath@1.0.0: {}

  fsevents@2.3.3:
    optional: true

  get-caller-file@2.0.5: {}

  get-func-name@2.0.2: {}

  get-tsconfig@5.0.0-beta.5:
    dependencies:
      resolve-pkg-maps: 1.0.0

  glob-parent@5.1.2:
    dependencies:
      is-glob: 4.0.3

  glob@8.1.0:
    dependencies:
      fs.realpath: 1.0.0
      inflight: 1.0.6
      inherits: 2.0.4
      minimatch: 5.1.9
      once: 1.4.0

  has-flag@4.0.0: {}

  he@1.2.0: {}

  hookable@6.1.1: {}

  import-without-cache@0.4.0: {}

  inflight@1.0.6:
    dependencies:
      once: 1.4.0
      wrappy: 1.0.2

  inherits@2.0.4: {}

  is-binary-path@2.1.0:
    dependencies:
      binary-extensions: 2.3.0

  is-extglob@2.1.1: {}

  is-fullwidth-code-point@3.0.0: {}

  is-glob@4.0.3:
    dependencies:
      is-extglob: 2.1.1

  is-number@7.0.0: {}

  is-plain-obj@2.1.0: {}

  is-unicode-supported@0.1.0: {}

  js-yaml@4.3.1:
    dependencies:
      argparse: 2.0.1

  locate-path@6.0.0:
    dependencies:
      p-locate: 5.0.0

  log-symbols@4.1.0:
    dependencies:
      chalk: 4.1.2
      is-unicode-supported: 0.1.0

  loupe@2.3.7:
    dependencies:
      get-func-name: 2.0.2

  make-error@1.3.6: {}

  minimatch@5.1.9:
    dependencies:
      brace-expansion: 2.1.4

  mocha@10.8.2:
    dependencies:
      ansi-colors: 4.1.3
      browser-stdout: 1.3.1
      chokidar: 3.6.0
      debug: 4.4.3(supports-color@8.1.1)
      diff: 5.2.2
      escape-string-regexp: 4.0.0
      find-up: 5.0.0
      glob: 8.1.0
      he: 1.2.0
      js-yaml: 4.3.1
      log-symbols: 4.1.0
      minimatch: 5.1.9
      ms: 2.1.3
      serialize-javascript: 6.0.2
      strip-json-comments: 3.1.1
      supports-color: 8.1.1
      workerpool: 6.5.1
      yargs: 16.2.2
      yargs-parser: 20.2.9
      yargs-unparser: 2.0.0

  ms@2.1.3: {}

  normalize-path@3.0.0: {}

  obug@2.1.4: {}

  once@1.4.0:
    dependencies:
      wrappy: 1.0.2

  p-limit@3.1.0:
    dependencies:
      yocto-queue: 0.1.0

  p-locate@5.0.0:
    dependencies:
      p-limit: 3.1.0

  path-exists@4.0.0: {}

  pathval@1.1.1: {}

  picomatch@2.3.2: {}

  picomatch@4.0.5: {}

  quansync@1.0.0: {}

  randombytes@2.1.0:
    dependencies:
      safe-buffer: 5.2.1

  readdirp@3.6.0:
    dependencies:
      picomatch: 2.3.2

  require-directory@2.1.1: {}

  resolve-pkg-maps@1.0.0: {}

  rolldown-plugin-dts@0.27.14(rolldown@1.2.4)(typescript@5.9.3):
    dependencies:
      dts-resolver: 3.0.0
      get-tsconfig: 5.0.0-beta.5
      obug: 2.1.4
      rolldown: 1.2.4
      yuku-ast: 0.8.5
      yuku-codegen: 0.8.5
      yuku-parser: 0.8.5
    optionalDependencies:
      typescript: 5.9.3
    transitivePeerDependencies:
      - oxc-resolver

  rolldown@1.2.4:
    dependencies:
      '@oxc-project/types': 0.144.0
      '@rolldown/pluginutils': 1.0.1
    optionalDependencies:
      '@rolldown/binding-android-arm64': 1.2.4
      '@rolldown/binding-darwin-arm64': 1.2.4
      '@rolldown/binding-darwin-x64': 1.2.4
      '@rolldown/binding-freebsd-x64': 1.2.4
      '@rolldown/binding-linux-arm-gnueabihf': 1.2.4
      '@rolldown/binding-linux-arm64-gnu': 1.2.4
      '@rolldown/binding-linux-arm64-musl': 1.2.4
      '@rolldown/binding-linux-ppc64-gnu': 1.2.4
      '@rolldown/binding-linux-s390x-gnu': 1.2.4
      '@rolldown/binding-linux-x64-gnu': 1.2.4
      '@rolldown/binding-linux-x64-musl': 1.2.4
      '@rolldown/binding-openharmony-arm64': 1.2.4
      '@rolldown/binding-win32-arm64-msvc': 1.2.4
      '@rolldown/binding-win32-x64-msvc': 1.2.4

  safe-buffer@5.2.1: {}

  serialize-javascript@6.0.2:
    dependencies:
      randombytes: 2.1.0

  string-width@4.2.3:
    dependencies:
      emoji-regex: 8.0.0
      is-fullwidth-code-point: 3.0.0
      strip-ansi: 6.0.1

  strip-ansi@6.0.1:
    dependencies:
      ansi-regex: 5.0.1

  strip-json-comments@3.1.1: {}

  supports-color@7.2.0:
    dependencies:
      has-flag: 4.0.0

  supports-color@8.1.1:
    dependencies:
      has-flag: 4.0.0

  tinyexec@1.3.0: {}

  tinyglobby@0.2.17:
    dependencies:
      fdir: 6.5.0(picomatch@4.0.5)
      picomatch: 4.0.5

  to-regex-range@5.0.1:
    dependencies:
      is-number: 7.0.0

  tree-kill@1.2.2: {}

  ts-node@10.9.2(@types/node@20.19.43)(typescript@5.9.3):
    dependencies:
      '@cspotcode/source-map-support': 0.8.1
      '@tsconfig/node10': 1.0.12
      '@tsconfig/node12': 1.0.11
      '@tsconfig/node14': 1.0.3
      '@tsconfig/node16': 1.0.4
      '@types/node': 20.19.43
      acorn: 8.18.0
      acorn-walk: 8.3.5
      arg: 4.1.3
      create-require: 1.1.1
      diff: 4.0.4
      make-error: 1.3.6
      typescript: 5.9.3
      v8-compile-cache-lib: 3.0.1
      yn: 3.1.1

  tsdown@0.22.14(typescript@5.9.3):
    dependencies:
      ansis: 4.3.1
      cac: 7.0.0
      defu: 6.1.7
      empathic: 2.0.1
      hookable: 6.1.1
      import-without-cache: 0.4.0
      obug: 2.1.4
      picomatch: 4.0.5
      rolldown: 1.2.4
      rolldown-plugin-dts: 0.27.14(rolldown@1.2.4)(typescript@5.9.3)
      tinyexec: 1.3.0
      tinyglobby: 0.2.17
      tree-kill: 1.2.2
      unconfig-core: 7.5.0
      verkit: 0.3.2
    optionalDependencies:
      typescript: 5.9.3
    transitivePeerDependencies:
      - '@typescript/native-preview'
      - '@volar/typescript'
      - oxc-resolver
      - vue-tsc

  type-detect@4.1.0: {}

  typescript@5.9.3: {}

  unconfig-core@7.5.0:
    dependencies:
      '@quansync/fs': 1.0.0
      quansync: 1.0.0

  undici-types@6.21.0: {}

  v8-compile-cache-lib@3.0.1: {}

  verkit@0.3.2: {}

  workerpool@6.5.1: {}

  wrap-ansi@7.0.0:
    dependencies:
      ansi-styles: 4.3.0
      string-width: 4.2.3
      strip-ansi: 6.0.1

  wrappy@1.0.2: {}

  y18n@5.0.8: {}

  yargs-parser@20.2.9: {}

  yargs-unparser@2.0.0:
    dependencies:
      camelcase: 6.3.0
      decamelize: 4.0.0
      flat: 5.0.2
      is-plain-obj: 2.1.0

  yargs@16.2.2:
    dependencies:
      cliui: 7.0.4
      escalade: 3.2.0
      get-caller-file: 2.0.5
      require-directory: 2.1.1
      string-width: 4.2.3
      y18n: 5.0.8
      yargs-parser: 20.2.9

  yn@3.1.1: {}

  yocto-queue@0.1.0: {}

  yuku-ast@0.8.5:
    dependencies:
      '@yuku-toolchain/types': 0.8.5

  yuku-codegen@0.8.5:
    dependencies:
      '@yuku-toolchain/types': 0.8.5
    optionalDependencies:
      '@yuku-codegen/binding-android-arm64': 0.8.5
      '@yuku-codegen/binding-darwin-arm64': 0.8.5
      '@yuku-codegen/binding-darwin-x64': 0.8.5
      '@yuku-codegen/binding-freebsd-x64': 0.8.5
      '@yuku-codegen/binding-linux-arm-gnu': 0.8.5
      '@yuku-codegen/binding-linux-arm-musl': 0.8.5
      '@yuku-codegen/binding-linux-arm64-gnu': 0.8.5
      '@yuku-codegen/binding-linux-arm64-musl': 0.8.5
      '@yuku-codegen/binding-linux-x64-gnu': 0.8.5
      '@yuku-codegen/binding-linux-x64-musl': 0.8.5
      '@yuku-codegen/binding-win32-arm64': 0.8.5
      '@yuku-codegen/binding-win32-x64': 0.8.5

  yuku-parser@0.8.5:
    dependencies:
      '@yuku-toolchain/types': 0.8.5
      yuku-ast: 0.8.5
    optionalDependencies:
      '@yuku-parser/binding-android-arm64': 0.8.5
      '@yuku-parser/binding-darwin-arm64': 0.8.5
      '@yuku-parser/binding-darwin-x64': 0.8.5
      '@yuku-parser/binding-freebsd-x64': 0.8.5
      '@yuku-parser/binding-linux-arm-gnu': 0.8.5
      '@yuku-parser/binding-linux-arm-musl': 0.8.5
      '@yuku-parser/binding-linux-arm64-gnu': 0.8.5
      '@yuku-parser/binding-linux-arm64-musl': 0.8.5
      '@yuku-parser/binding-linux-x64-gnu': 0.8.5
      '@yuku-parser/binding-linux-x64-musl': 0.8.5
      '@yuku-parser/binding-win32-arm64': 0.8.5
      '@yuku-parser/binding-win32-x64': 0.8.5
